schema: '2.0'
stages:
  load_data:
    cmd: python src/load_data.py --config=params.yaml
    deps:
    - path: given_data/winequality-red.csv
      md5: 6a883fd98624e18c0b7ce251f4fab4fb
      size: 100951
    - path: src/get_data.py
      md5: efd8b8cd2710f1a92888f1806fcb938c
      size: 701
    - path: src/load_data.py
      md5: cb5399139e47d02fab5f63206d1d3f6c
      size: 684
    outs:
    - path: data/raw/wine_quality.csv
      md5: b81c95040ccc1f04820095a237ba3c61
      size: 95085
  split_data:
    cmd: python src/split_data.py --config=params.yaml
    deps:
    - path: data/raw/wine_quality.csv
      md5: b81c95040ccc1f04820095a237ba3c61
      size: 95085
    - path: src/get_data.py
      md5: efd8b8cd2710f1a92888f1806fcb938c
      size: 701
    - path: src/split_data.py
      md5: 23b128ed63617283dc6905c25e4bbdad
      size: 1165
    outs:
    - path: data/processed/test_wine_quality.csv
      md5: c37ae028dfd0458a8e0083a099d3038c
      size: 76093
    - path: data/processed/train_wine_quality.csv
      md5: d0b71d42e4c11f988fb63f29d7d96abc
      size: 19139
